
Microsoft Visual Studio Solution File, Format Version 11.00
# Visual Studio 2010
# SharpDevelop 5.1
Project("{FAE04EC0-301F-11D3-BF4B-00C04F79EFBC}") = "SeaBattle", "SeaBattle.csproj", "{75CCE88C-3D84-4B6E-8473-7156105BAC81}"
EndProject
Project("{FAE04EC0-301F-11D3-BF4B-00C04F79EFBC}") = "GameObjects", "..\GameObjects\GameObjects.csproj", "{AE342253-EBBB-43B0-8BD6-53E35A2173F2}"
EndProject
Project("{FAE04EC0-301F-11D3-BF4B-00C04F79EFBC}") = "FieldEditorParts", "..\GameParts\FieldEditorParts.csproj", "{2E77EEFA-99D2-41F4-8370-B2580C4AE84F}"
EndProject
Project("{FAE04EC0-301F-11D3-BF4B-00C04F79EFBC}") = "Processors", "..\Processors\Processors.csproj", "{7D392411-0D1B-49A1-AEF2-86CB09FF7B31}"
EndProject
Project("{FAE04EC0-301F-11D3-BF4B-00C04F79EFBC}") = "Config", "..\Config\Config.csproj", "{385C340B-D94B-455F-963D-C869F0BC92E9}"
EndProject
Project("{FAE04EC0-301F-11D3-BF4B-00C04F79EFBC}") = "Entities", "..\Entities\Entities.csproj", "{A3BF9D9D-410E-45B9-92EF-5BFD63272D91}"
EndProject
Project("{FAE04EC0-301F-11D3-BF4B-00C04F79EFBC}") = "ItemViews", "..\Shop\ItemViews.csproj", "{4CD74D5A-E118-4A6B-9CF4-69B603C30BC8}"
EndProject
Global
	GlobalSection(SolutionConfigurationPlatforms) = preSolution
		Debug|Any CPU = Debug|Any CPU
		Release|Any CPU = Release|Any CPU
	EndGlobalSection
	GlobalSection(ProjectConfigurationPlatforms) = postSolution
		{75CCE88C-3D84-4B6E-8473-7156105BAC81}.Debug|Any CPU.ActiveCfg = Debug|Any CPU
		{75CCE88C-3D84-4B6E-8473-7156105BAC81}.Debug|Any CPU.Build.0 = Debug|Any CPU
		{75CCE88C-3D84-4B6E-8473-7156105BAC81}.Release|Any CPU.ActiveCfg = Release|Any CPU
		{75CCE88C-3D84-4B6E-8473-7156105BAC81}.Release|Any CPU.Build.0 = Release|Any CPU
		{AE342253-EBBB-43B0-8BD6-53E35A2173F2}.Debug|Any CPU.ActiveCfg = Debug|Any CPU
		{AE342253-EBBB-43B0-8BD6-53E35A2173F2}.Debug|Any CPU.Build.0 = Debug|Any CPU
		{AE342253-EBBB-43B0-8BD6-53E35A2173F2}.Release|Any CPU.ActiveCfg = Release|Any CPU
		{AE342253-EBBB-43B0-8BD6-53E35A2173F2}.Release|Any CPU.Build.0 = Release|Any CPU
		{2E77EEFA-99D2-41F4-8370-B2580C4AE84F}.Debug|Any CPU.ActiveCfg = Debug|Any CPU
		{2E77EEFA-99D2-41F4-8370-B2580C4AE84F}.Debug|Any CPU.Build.0 = Debug|Any CPU
		{2E77EEFA-99D2-41F4-8370-B2580C4AE84F}.Release|Any CPU.ActiveCfg = Release|Any CPU
		{2E77EEFA-99D2-41F4-8370-B2580C4AE84F}.Release|Any CPU.Build.0 = Release|Any CPU
		{7D392411-0D1B-49A1-AEF2-86CB09FF7B31}.Debug|Any CPU.ActiveCfg = Debug|Any CPU
		{7D392411-0D1B-49A1-AEF2-86CB09FF7B31}.Debug|Any CPU.Build.0 = Debug|Any CPU
		{7D392411-0D1B-49A1-AEF2-86CB09FF7B31}.Release|Any CPU.ActiveCfg = Release|Any CPU
		{7D392411-0D1B-49A1-AEF2-86CB09FF7B31}.Release|Any CPU.Build.0 = Release|Any CPU
		{385C340B-D94B-455F-963D-C869F0BC92E9}.Debug|Any CPU.ActiveCfg = Debug|Any CPU
		{385C340B-D94B-455F-963D-C869F0BC92E9}.Debug|Any CPU.Build.0 = Debug|Any CPU
		{385C340B-D94B-455F-963D-C869F0BC92E9}.Release|Any CPU.ActiveCfg = Release|Any CPU
		{385C340B-D94B-455F-963D-C869F0BC92E9}.Release|Any CPU.Build.0 = Release|Any CPU
		{A3BF9D9D-410E-45B9-92EF-5BFD63272D91}.Debug|Any CPU.ActiveCfg = Debug|Any CPU
		{A3BF9D9D-410E-45B9-92EF-5BFD63272D91}.Debug|Any CPU.Build.0 = Debug|Any CPU
		{A3BF9D9D-410E-45B9-92EF-5BFD63272D91}.Release|Any CPU.ActiveCfg = Release|Any CPU
		{A3BF9D9D-410E-45B9-92EF-5BFD63272D91}.Release|Any CPU.Build.0 = Release|Any CPU
		{4CD74D5A-E118-4A6B-9CF4-69B603C30BC8}.Debug|Any CPU.ActiveCfg = Debug|Any CPU
		{4CD74D5A-E118-4A6B-9CF4-69B603C30BC8}.Debug|Any CPU.Build.0 = Debug|Any CPU
		{4CD74D5A-E118-4A6B-9CF4-69B603C30BC8}.Release|Any CPU.ActiveCfg = Release|Any CPU
		{4CD74D5A-E118-4A6B-9CF4-69B603C30BC8}.Release|Any CPU.Build.0 = Release|Any CPU
	EndGlobalSection
EndGlobal
